
Microsoft Visual Studio Solution File, Format Version 12.00
# Visual Studio 2017
Project("{FAE04EC0-301F-11D3-BF4B-00C04F79EFBC}") = "Practica1IA", "Practica1IA.csproj", "{520D4C2B-6AA7-56B0-6865-981A0904E0F5}"
EndProject
Global
	GlobalSection(SolutionConfigurationPlatforms) = preSolution
		Debug|Any CPU = Debug|Any CPU
		Release|Any CPU = Release|Any CPU
	EndGlobalSection
	GlobalSection(ProjectConfigurationPlatforms) = postSolution
		{520D4C2B-6AA7-56B0-6865-981A0904E0F5}.Debug|Any CPU.ActiveCfg = Debug|Any CPU
		{520D4C2B-6AA7-56B0-6865-981A0904E0F5}.Debug|Any CPU.Build.0 = Debug|Any CPU
		{520D4C2B-6AA7-56B0-6865-981A0904E0F5}.Release|Any CPU.ActiveCfg = Release|Any CPU
		{520D4C2B-6AA7-56B0-6865-981A0904E0F5}.Release|Any CPU.Build.0 = Release|Any CPU
	EndGlobalSection
	GlobalSection(SolutionProperties) = preSolution
		HideSolutionNode = FALSE
	EndGlobalSection
EndGlobal
